
Microsoft Visual Studio Solution File, Format Version 12.00
# Visual Studio Version 16
VisualStudioVersion = 16.0.31515.178
MinimumVisualStudioVersion = 10.0.40219.1
Project("{FAE04EC0-301F-11D3-BF4B-00C04F79EFBC}") = "JoppesDjurfamilj", "JoppesDjurfamilj\JoppesDjurfamilj.csproj", "{FD32C57C-4660-43BC-8363-FCAE400373CE}"
EndProject
Global
	GlobalSection(SolutionConfigurationPlatforms) = preSolution
		Debug|Any CPU = Debug|Any CPU
		Release|Any CPU = Release|Any CPU
	EndGlobalSection
	GlobalSection(ProjectConfigurationPlatforms) = postSolution
		{FD32C57C-4660-43BC-8363-FCAE400373CE}.Debug|Any CPU.ActiveCfg = Debug|Any CPU
		{FD32C57C-4660-43BC-8363-FCAE400373CE}.Debug|Any CPU.Build.0 = Debug|Any CPU
		{FD32C57C-4660-43BC-8363-FCAE400373CE}.Release|Any CPU.ActiveCfg = Release|Any CPU
		{FD32C57C-4660-43BC-8363-FCAE400373CE}.Release|Any CPU.Build.0 = Release|Any CPU
	EndGlobalSection
	GlobalSection(SolutionProperties) = preSolution
		HideSolutionNode = FALSE
	EndGlobalSection
	GlobalSection(ExtensibilityGlobals) = postSolution
		SolutionGuid = {031FE8C5-AD29-462D-88DE-8DE7F165E719}
	EndGlobalSection
EndGlobal
